
Microsoft Visual Studio Solution File, Format Version 12.00
# Visual Studio Version 17
VisualStudioVersion = 17.10.35027.167
MinimumVisualStudioVersion = 10.0.40219.1
Project("{2150E333-8FDC-42A3-9474-1A3956D46DE8}") = "src", "src", "{ECBC1F0F-3688-4A5D-8305-0A18A7E8EA20}"
EndProject
Project("{2150E333-8FDC-42A3-9474-1A3956D46DE8}") = "tests", "tests", "{4F7214F8-6EDA-49DA-98A0-59FF15A32221}"
EndProject
Project("{9A19103F-16F7-4668-BE54-9A1E7A4F7556}") = "CashFlow.API", "src\CashFlow.API\CashFlow.API.csproj", "{06125EC6-1EF9-4662-BEC4-A642595A5718}"
EndProject
Project("{9A19103F-16F7-4668-BE54-9A1E7A4F7556}") = "CashFlow.Application", "src\CashFlow.Application\CashFlow.Application.csproj", "{40D37EB8-3CEC-4352-A5C3-508ABB59A4F7}"
EndProject
Project("{9A19103F-16F7-4668-BE54-9A1E7A4F7556}") = "CashFlow.Communication", "src\CashFlow.Communication\CashFlow.Communication.csproj", "{6D1E54F8-5266-4467-BCB6-623ACD7BC334}"
EndProject
Project("{9A19103F-16F7-4668-BE54-9A1E7A4F7556}") = "CashFlow.Domain", "src\CashFlow.Domain\CashFlow.Domain.csproj", "{6414E315-ECCC-438F-A954-692ED908048D}"
EndProject
Project("{9A19103F-16F7-4668-BE54-9A1E7A4F7556}") = "CashFlow.Exception", "src\CashFlow.Exception\CashFlow.Exception.csproj", "{275E20F3-82E6-4AC1-A168-791F43B40F85}"
EndProject
Project("{9A19103F-16F7-4668-BE54-9A1E7A4F7556}") = "CashFlow.Infrastructure", "src\CashFlow.Infrastructure\CashFlow.Infrastructure.csproj", "{D7DA0DA1-E50D-4555-92A1-903571CA58BC}"
EndProject
Project("{9A19103F-16F7-4668-BE54-9A1E7A4F7556}") = "Validators.Test", "tests\Validators.Test\Validators.Test.csproj", "{5BFEF630-F1BC-4E6C-8C94-ADE6A3216CE9}"
EndProject
Project("{9A19103F-16F7-4668-BE54-9A1E7A4F7556}") = "CommonTestUtilities", "tests\CommonTestUtilities\CommonTestUtilities.csproj", "{8996E98B-A348-4646-97A5-03DC265D2D69}"
EndProject
Project("{9A19103F-16F7-4668-BE54-9A1E7A4F7556}") = "UseCases.Test", "tests\TestProject1\UseCases.Test.csproj", "{EB50A6ED-6C29-4AEB-AA1B-E613F7342C4C}"
EndProject
Project("{FAE04EC0-301F-11D3-BF4B-00C04F79EFBC}") = "WebApi.Test", "tests\WebApi.Test\WebApi.Test.csproj", "{E44D59D5-F4D9-4A73-B562-5F7E66DA5EF1}"
EndProject
Global
	GlobalSection(SolutionConfigurationPlatforms) = preSolution
		Debug|Any CPU = Debug|Any CPU
		Release|Any CPU = Release|Any CPU
	EndGlobalSection
	GlobalSection(ProjectConfigurationPlatforms) = postSolution
		{06125EC6-1EF9-4662-BEC4-A642595A5718}.Debug|Any CPU.ActiveCfg = Debug|Any CPU
		{06125EC6-1EF9-4662-BEC4-A642595A5718}.Debug|Any CPU.Build.0 = Debug|Any CPU
		{06125EC6-1EF9-4662-BEC4-A642595A5718}.Release|Any CPU.ActiveCfg = Release|Any CPU
		{06125EC6-1EF9-4662-BEC4-A642595A5718}.Release|Any CPU.Build.0 = Release|Any CPU
		{40D37EB8-3CEC-4352-A5C3-508ABB59A4F7}.Debug|Any CPU.ActiveCfg = Debug|Any CPU
		{40D37EB8-3CEC-4352-A5C3-508ABB59A4F7}.Debug|Any CPU.Build.0 = Debug|Any CPU
		{40D37EB8-3CEC-4352-A5C3-508ABB59A4F7}.Release|Any CPU.ActiveCfg = Release|Any CPU
		{40D37EB8-3CEC-4352-A5C3-508ABB59A4F7}.Release|Any CPU.Build.0 = Release|Any CPU
		{6D1E54F8-5266-4467-BCB6-623ACD7BC334}.Debug|Any CPU.ActiveCfg = Debug|Any CPU
		{6D1E54F8-5266-4467-BCB6-623ACD7BC334}.Debug|Any CPU.Build.0 = Debug|Any CPU
		{6D1E54F8-5266-4467-BCB6-623ACD7BC334}.Release|Any CPU.ActiveCfg = Release|Any CPU
		{6D1E54F8-5266-4467-BCB6-623ACD7BC334}.Release|Any CPU.Build.0 = Release|Any CPU
		{6414E315-ECCC-438F-A954-692ED908048D}.Debug|Any CPU.ActiveCfg = Debug|Any CPU
		{6414E315-ECCC-438F-A954-692ED908048D}.Debug|Any CPU.Build.0 = Debug|Any CPU
		{6414E315-ECCC-438F-A954-692ED908048D}.Release|Any CPU.ActiveCfg = Release|Any CPU
		{6414E315-ECCC-438F-A954-692ED908048D}.Release|Any CPU.Build.0 = Release|Any CPU
		{275E20F3-82E6-4AC1-A168-791F43B40F85}.Debug|Any CPU.ActiveCfg = Debug|Any CPU
		{275E20F3-82E6-4AC1-A168-791F43B40F85}.Debug|Any CPU.Build.0 = Debug|Any CPU
		{275E20F3-82E6-4AC1-A168-791F43B40F85}.Release|Any CPU.ActiveCfg = Release|Any CPU
		{275E20F3-82E6-4AC1-A168-791F43B40F85}.Release|Any CPU.Build.0 = Release|Any CPU
		{D7DA0DA1-E50D-4555-92A1-903571CA58BC}.Debug|Any CPU.ActiveCfg = Debug|Any CPU
		{D7DA0DA1-E50D-4555-92A1-903571CA58BC}.Debug|Any CPU.Build.0 = Debug|Any CPU
		{D7DA0DA1-E50D-4555-92A1-903571CA58BC}.Release|Any CPU.ActiveCfg = Release|Any CPU
		{D7DA0DA1-E50D-4555-92A1-903571CA58BC}.Release|Any CPU.Build.0 = Release|Any CPU
		{5BFEF630-F1BC-4E6C-8C94-ADE6A3216CE9}.Debug|Any CPU.ActiveCfg = Debug|Any CPU
		{5BFEF630-F1BC-4E6C-8C94-ADE6A3216CE9}.Debug|Any CPU.Build.0 = Debug|Any CPU
		{5BFEF630-F1BC-4E6C-8C94-ADE6A3216CE9}.Release|Any CPU.ActiveCfg = Release|Any CPU
		{5BFEF630-F1BC-4E6C-8C94-ADE6A3216CE9}.Release|Any CPU.Build.0 = Release|Any CPU
		{8996E98B-A348-4646-97A5-03DC265D2D69}.Debug|Any CPU.ActiveCfg = Debug|Any CPU
		{8996E98B-A348-4646-97A5-03DC265D2D69}.Debug|Any CPU.Build.0 = Debug|Any CPU
		{8996E98B-A348-4646-97A5-03DC265D2D69}.Release|Any CPU.ActiveCfg = Release|Any CPU
		{8996E98B-A348-4646-97A5-03DC265D2D69}.Release|Any CPU.Build.0 = Release|Any CPU
		{EB50A6ED-6C29-4AEB-AA1B-E613F7342C4C}.Debug|Any CPU.ActiveCfg = Debug|Any CPU
		{EB50A6ED-6C29-4AEB-AA1B-E613F7342C4C}.Debug|Any CPU.Build.0 = Debug|Any CPU
		{EB50A6ED-6C29-4AEB-AA1B-E613F7342C4C}.Release|Any CPU.ActiveCfg = Release|Any CPU
		{EB50A6ED-6C29-4AEB-AA1B-E613F7342C4C}.Release|Any CPU.Build.0 = Release|Any CPU
		{E44D59D5-F4D9-4A73-B562-5F7E66DA5EF1}.Debug|Any CPU.ActiveCfg = Debug|Any CPU
		{E44D59D5-F4D9-4A73-B562-5F7E66DA5EF1}.Debug|Any CPU.Build.0 = Debug|Any CPU
		{E44D59D5-F4D9-4A73-B562-5F7E66DA5EF1}.Release|Any CPU.ActiveCfg = Release|Any CPU
		{E44D59D5-F4D9-4A73-B562-5F7E66DA5EF1}.Release|Any CPU.Build.0 = Release|Any CPU
	EndGlobalSection
	GlobalSection(SolutionProperties) = preSolution
		HideSolutionNode = FALSE
	EndGlobalSection
	GlobalSection(NestedProjects) = preSolution
		{06125EC6-1EF9-4662-BEC4-A642595A5718} = {ECBC1F0F-3688-4A5D-8305-0A18A7E8EA20}
		{40D37EB8-3CEC-4352-A5C3-508ABB59A4F7} = {ECBC1F0F-3688-4A5D-8305-0A18A7E8EA20}
		{6D1E54F8-5266-4467-BCB6-623ACD7BC334} = {ECBC1F0F-3688-4A5D-8305-0A18A7E8EA20}
		{6414E315-ECCC-438F-A954-692ED908048D} = {ECBC1F0F-3688-4A5D-8305-0A18A7E8EA20}
		{275E20F3-82E6-4AC1-A168-791F43B40F85} = {ECBC1F0F-3688-4A5D-8305-0A18A7E8EA20}
		{D7DA0DA1-E50D-4555-92A1-903571CA58BC} = {ECBC1F0F-3688-4A5D-8305-0A18A7E8EA20}
		{5BFEF630-F1BC-4E6C-8C94-ADE6A3216CE9} = {4F7214F8-6EDA-49DA-98A0-59FF15A32221}
		{8996E98B-A348-4646-97A5-03DC265D2D69} = {4F7214F8-6EDA-49DA-98A0-59FF15A32221}
		{EB50A6ED-6C29-4AEB-AA1B-E613F7342C4C} = {4F7214F8-6EDA-49DA-98A0-59FF15A32221}
		{E44D59D5-F4D9-4A73-B562-5F7E66DA5EF1} = {4F7214F8-6EDA-49DA-98A0-59FF15A32221}
	EndGlobalSection
	GlobalSection(ExtensibilityGlobals) = postSolution
		SolutionGuid = {63569E92-0A7A-462A-A602-7379102D15BA}
	EndGlobalSection
EndGlobal
